// !$*UTF8*$!
{
	archiveVersion = 1;
	classes = {
	};
	objectVersion = 46;
	objects = {

/* Begin PBXCopyFilesBuildPhase section */
		F9282D141A180CB1006A1BDF /* CopyFiles */ = {
			isa = PBXCopyFilesBuildPhase;
			buildActionMask = 2147483647;
			dstPath = /usr/share/man/man1/;
			dstSubfolderSpec = 0;
			files = (
			);
			runOnlyForDeploymentPostprocessing = 1;
		};
/* End PBXCopyFilesBuildPhase section */

/* Begin PBXFileReference section */
		F9282D161A180CB1006A1BDF /* pg7 */ = {isa = PBXFileReference; explicitFileType = "compiled.mach-o.executable"; includeInIndex = 0; path = pg7; sourceTree = BUILT_PRODUCTS_DIR; };
		F9282D201A180DE6006A1BDF /* GoodsTokenA.h */ = {isa = PBXFileReference; lastKnownFileType = sourcecode.c.h; path = GoodsTokenA.h; sourceTree = "<group>"; };
		F9282D211A180E1B006A1BDF /* ClothToken.h */ = {isa = PBXFileReference; lastKnownFileType = sourcecode.c.h; path = ClothToken.h; sourceTree = "<group>"; };
/* End PBXFileReference section */

/* Begin PBXFrameworksBuildPhase section */
		F9282D131A180CB1006A1BDF /* Frameworks */ = {
			isa = PBXFrameworksBuildPhase;
			buildActionMask = 2147483647;
			files = (
			);
			runOnlyForDeploymentPostprocessing = 0;
		};
/* End PBXFrameworksBuildPhase section */

/* Begin PBXGroup section */
		F9282D0D1A180CB1006A1BDF = {
			isa = PBXGroup;
			children = (
				F9282D181A180CB1006A1BDF /* pg7 */,
				F9282D171A180CB1006A1BDF /* Products */,
			);
			sourceTree = "<group>";
		};
		F9282D171A180CB1006A1BDF /* Products */ = {
			isa = PBXGroup;
			children = (
				F9282D161A180CB1006A1BDF /* pg7 */,
			);
			name = Products;
			sourceTree = "<group>";
		};
		F9282D181A180CB1006A1BDF /* pg7 */ = {
			isa = PBXGroup;
			children = (
				F9282D201A180DE6006A1BDF /* GoodsTokenA.h */,
				F9282D211A180E1B006A1BDF /* ClothToken.h */,
			);
			path = pg7;
			sourceTree = "<group>";
		};
/* End PBXGroup section */

/* Begin PBXNativeTarget section */
		F9282D151A180CB1006A1BDF /* pg7 */ = {
			isa = PBXNativeTarget;
			buildConfigurationList = F9282D1D1A180CB1006A1BDF /* Build configuration list for PBXNativeTarget "pg7" */;
			buildPhases = (
				F9282D121A180CB1006A1BDF /* Sources */,
				F9282D131A180CB1006A1BDF /* Frameworks */,
				F9282D141A180CB1006A1BDF /* CopyFiles */,
			);
			buildRules = (
			);
			dependencies = (
			);
			name = pg7;
			productName = pg7;
			productReference = F9282D161A180CB1006A1BDF /* pg7 */;
			productType = "com.apple.product-type.tool";
		};
/* End PBXNativeTarget section */

/* Begin PBXProject section */
		F9282D0E1A180CB1006A1BDF /* Project object */ = {
			isa = PBXProject;
			attributes = {
				LastUpgradeCheck = 0610;
				ORGANIZATIONNAME = "Emily Johnson";
				TargetAttributes = {
					F9282D151A180CB1006A1BDF = {
						CreatedOnToolsVersion = 6.1;
					};
				};
			};
			buildConfigurationList = F9282D111A180CB1006A1BDF /* Build configuration list for PBXProject "pg7" */;
			compatibilityVersion = "Xcode 3.2";
			developmentRegion = English;
			hasScannedForEncodings = 0;
			knownRegions = (
				en,
			);
			mainGroup = F9282D0D1A180CB1006A1BDF;
			productRefGroup = F9282D171A180CB1006A1BDF /* Products */;
			projectDirPath = "";
			projectRoot = "";
			targets = (
				F9282D151A180CB1006A1BDF /* pg7 */,
			);
		};
/* End PBXProject section */

/* Begin PBXSourcesBuildPhase section */
		F9282D121A180CB1006A1BDF /* Sources */ = {
			isa = PBXSourcesBuildPhase;
			buildActionMask = 2147483647;
			files = (
			);
			runOnlyForDeploymentPostprocessing = 0;
		};
/* End PBXSourcesBuildPhase section */

/* Begin XCBuildConfiguration section */
		F9282D1B1A180CB1006A1BDF /* Debug */ = {
			isa = XCBuildConfiguration;
			buildSettings = {
				ALWAYS_SEARCH_USER_PATHS = NO;
				CLANG_CXX_LANGUAGE_STANDARD = "gnu++0x";
				CLANG_CXX_LIBRARY = "libc++";
				CLANG_ENABLE_MODULES = YES;
				CLANG_ENABLE_OBJC_ARC = YES;
				CLANG_WARN_BOOL_CONVERSION = YES;
				CLANG_WARN_CONSTANT_CONVERSION = YES;
				CLANG_WARN_DIRECT_OBJC_ISA_USAGE = YES_ERROR;
				CLANG_WARN_EMPTY_BODY = YES;
				CLANG_WARN_ENUM_CONVERSION = YES;
				CLANG_WARN_INT_CONVERSION = YES;
				CLANG_WARN_OBJC_ROOT_CLASS = YES_ERROR;
				CLANG_WARN_UNREACHABLE_CODE = YES;
				CLANG_WARN__DUPLICATE_METHOD_MATCH = YES;
				COPY_PHASE_STRIP = NO;
				ENABLE_STRICT_OBJC_MSGSEND = YES;
				GCC_C_LANGUAGE_STANDARD = gnu99;
				GCC_DYNAMIC_NO_PIC = NO;
				GCC_OPTIMIZATION_LEVEL = 0;
				GCC_PREPROCESSOR_DEFINITIONS = (
					"DEBUG=1",
					"$(inherited)",
				);
				GCC_SYMBOLS_PRIVATE_EXTERN = NO;
				GCC_WARN_64_TO_32_BIT_CONVERSION = YES;
				GCC_WARN_ABOUT_RETURN_TYPE = YES_ERROR;
				GCC_WARN_UNDECLARED_SELECTOR = YES;
				GCC_WARN_UNINITIALIZED_AUTOS = YES_AGGRESSIVE;
				GCC_WARN_UNUSED_FUNCTION = YES;
				GCC_WARN_UNUSED_VARIABLE = YES;
				MACOSX_DEPLOYMENT_TARGET = 10.9;
				MTL_ENABLE_DEBUG_INFO = YES;
				ONLY_ACTIVE_ARCH = YES;
				SDKROOT = macosx;
			};
			name = Debug;
		};
		F9282D1C1A180CB1006A1BDF /* Release */ = {
			isa = XCBuildConfiguration;
			buildSettings = {
				ALWAYS_SEARCH_USER_PATHS = NO;
				CLANG_CXX_LANGUAGE_STANDARD = "gnu++0x";
				CLANG_CXX_LIBRARY = "libc++";
				CLANG_ENABLE_MODULES = YES;
				CLANG_ENABLE_OBJC_ARC = YES;
				CLANG_WARN_BOOL_CONVERSION = YES;
				CLANG_WARN_CONSTANT_CONVERSION = YES;
				CLANG_WARN_DIRECT_OBJC_ISA_USAGE = YES_ERROR;
				CLANG_WARN_EMPTY_BODY = YES;
				CLANG_WARN_ENUM_CONVERSION = YES;
				CLANG_WARN_INT_CONVERSION = YES;
				CLANG_WARN_OBJC_ROOT_CLASS = YES_ERROR;
				CLANG_WARN_UNREACHABLE_CODE = YES;
				CLANG_WARN__DUPLICATE_METHOD_MATCH = YES;
				COPY_PHASE_STRIP = YES;
				DEBUG_INFORMATION_FORMAT = "dwarf-with-dsym";
				ENABLE_NS_ASSERTIONS = NO;
				ENABLE_STRICT_OBJC_MSGSEND = YES;
				GCC_C_LANGUAGE_STANDARD = gnu99;
				GCC_WARN_64_TO_32_BIT_CONVERSION = YES;
				GCC_WARN_ABOUT_RETURN_TYPE = YES_ERROR;
				GCC_WARN_UNDECLARED_SELECTOR = YES;
				GCC_WARN_UNINITIALIZED_AUTOS = YES_AGGRESSIVE;
				GCC_WARN_UNUSED_FUNCTION = YES;
				GCC_WARN_UNUSED_VARIABLE = YES;
				MACOSX_DEPLOYMENT_TARGET = 10.9;
				MTL_ENABLE_DEBUG_INFO = NO;
				SDKROOT = macosx;
			};
			name = Release;
		};
		F9282D1E1A180CB1006A1BDF /* Debug */ = {
			isa = XCBuildConfiguration;
			buildSettings = {
				PRODUCT_NAME = "$(TARGET_NAME)";
			};
			name = Debug;
		};
		F9282D1F1A180CB1006A1BDF /* Release */ = {
			isa = XCBuildConfiguration;
			buildSettings = {
				PRODUCT_NAME = "$(TARGET_NAME)";
			};
			name = Release;
		};
/* End XCBuildConfiguration section */

/* Begin XCConfigurationList section */
		F9282D111A180CB1006A1BDF /* Build configuration list for PBXProject "pg7" */ = {
			isa = XCConfigurationList;
			buildConfigurations = (
				F9282D1B1A180CB1006A1BDF /* Debug */,
				F9282D1C1A180CB1006A1BDF /* Release */,
			);
			defaultConfigurationIsVisible = 0;
			defaultConfigurationName = Release;
		};
		F9282D1D1A180CB1006A1BDF /* Build configuration list for PBXNativeTarget "pg7" */ = {
			isa = XCConfigurationList;
			buildConfigurations = (
				F9282D1E1A180CB1006A1BDF /* Debug */,
				F9282D1F1A180CB1006A1BDF /* Release */,
			);
			defaultConfigurationIsVisible = 0;
			defaultConfigurationName = Release;
		};
/* End XCConfigurationList section */
	};
	rootObject = F9282D0E1A180CB1006A1BDF /* Project object */;
}
